
Microsoft Visual Studio Solution File, Format Version 12.00
# Visual Studio Version 16
VisualStudioVersion = 16.0.31613.86
MinimumVisualStudioVersion = 10.0.40219.1
Project("{FAE04EC0-301F-11D3-BF4B-00C04F79EFBC}") = "DA-P2-ER2", "DA-P2-ER2\DA-P2-ER2.csproj", "{C454425A-E662-409B-AA6F-E544F5837838}"
EndProject
Global
	GlobalSection(SolutionConfigurationPlatforms) = preSolution
		Debug|Any CPU = Debug|Any CPU
		Release|Any CPU = Release|Any CPU
	EndGlobalSection
	GlobalSection(ProjectConfigurationPlatforms) = postSolution
		{C454425A-E662-409B-AA6F-E544F5837838}.Debug|Any CPU.ActiveCfg = Debug|Any CPU
		{C454425A-E662-409B-AA6F-E544F5837838}.Debug|Any CPU.Build.0 = Debug|Any CPU
		{C454425A-E662-409B-AA6F-E544F5837838}.Release|Any CPU.ActiveCfg = Release|Any CPU
		{C454425A-E662-409B-AA6F-E544F5837838}.Release|Any CPU.Build.0 = Release|Any CPU
	EndGlobalSection
	GlobalSection(SolutionProperties) = preSolution
		HideSolutionNode = FALSE
	EndGlobalSection
	GlobalSection(ExtensibilityGlobals) = postSolution
		SolutionGuid = {78028ABF-2AF6-44C1-865D-7B4690A6EC99}
	EndGlobalSection
EndGlobal
